
Microsoft Visual Studio Solution File, Format Version 12.00
# Visual Studio Version 17
VisualStudioVersion = 17.11.35327.3
MinimumVisualStudioVersion = 10.0.40219.1
Project("{FAE04EC0-301F-11D3-BF4B-00C04F79EFBC}") = "OHVInstaller", "OHVInstaller\OHVInstaller.csproj", "{E5A185F2-E885-4732-A3DB-E6336F370C78}"
EndProject
Global
	GlobalSection(SolutionConfigurationPlatforms) = preSolution
		Debug|Any CPU = Debug|Any CPU
		Release|Any CPU = Release|Any CPU
	EndGlobalSection
	GlobalSection(ProjectConfigurationPlatforms) = postSolution
		{E5A185F2-E885-4732-A3DB-E6336F370C78}.Debug|Any CPU.ActiveCfg = Debug|Any CPU
		{E5A185F2-E885-4732-A3DB-E6336F370C78}.Debug|Any CPU.Build.0 = Debug|Any CPU
		{E5A185F2-E885-4732-A3DB-E6336F370C78}.Release|Any CPU.ActiveCfg = Release|Any CPU
		{E5A185F2-E885-4732-A3DB-E6336F370C78}.Release|Any CPU.Build.0 = Release|Any CPU
	EndGlobalSection
	GlobalSection(SolutionProperties) = preSolution
		HideSolutionNode = FALSE
	EndGlobalSection
	GlobalSection(ExtensibilityGlobals) = postSolution
		SolutionGuid = {352B874E-FEE1-4E3F-86BD-76FEB631DFFC}
	EndGlobalSection
EndGlobal
